// !$*UTF8*$!
{
	archiveVersion = 1;
	classes = {
	};
	objectVersion = 56;
	objects = {

/* Begin PBXBuildFile section */
		E3589C172AA9CBFE0030A78B /* CustomShader.h in Headers */ = {isa = PBXBuildFile; fileRef = E3BC981A2AA9C92500454D49 /* CustomShader.h */; settings = {ATTRIBUTES = (Public, ); }; };
		E3589C192AA9CC020030A78B /* CustomShader.h in Headers */ = {isa = PBXBuildFile; fileRef = E3BC981A2AA9C92500454D49 /* CustomShader.h */; settings = {ATTRIBUTES = (Public, ); }; };
		E3589C282AA9CD760030A78B /* glad.c in Sources */ = {isa = PBXBuildFile; fileRef = E3CE53FF2AA7316800E1215C /* glad.c */; };
		E3589C292AA9CD7E0030A78B /* glad.c in Sources */ = {isa = PBXBuildFile; fileRef = E3CE53FF2AA7316800E1215C /* glad.c */; };
		E3CE54072AA7356F00E1215C /* OpenGL.framework in Frameworks */ = {isa = PBXBuildFile; fileRef = E3CE54062AA7356F00E1215C /* OpenGL.framework */; };
		E3CE54092AA7358A00E1215C /* libglfw.3.3.dylib in Frameworks */ = {isa = PBXBuildFile; fileRef = E3CE54082AA7358A00E1215C /* libglfw.3.3.dylib */; };
		E3CE540B2AA735CA00E1215C /* IOKit.framework in Frameworks */ = {isa = PBXBuildFile; fileRef = E3CE540A2AA735CA00E1215C /* IOKit.framework */; };
		E3CE540D2AA735CF00E1215C /* Cocoa.framework in Frameworks */ = {isa = PBXBuildFile; fileRef = E3CE540C2AA735CE00E1215C /* Cocoa.framework */; };
		E3CE54352AA761B500E1215C /* Cocoa.framework in Frameworks */ = {isa = PBXBuildFile; fileRef = E3CE540C2AA735CE00E1215C /* Cocoa.framework */; };
		E3CE54362AA761B500E1215C /* IOKit.framework in Frameworks */ = {isa = PBXBuildFile; fileRef = E3CE540A2AA735CA00E1215C /* IOKit.framework */; };
		E3CE54372AA761B500E1215C /* libglfw.3.3.dylib in Frameworks */ = {isa = PBXBuildFile; fileRef = E3CE54082AA7358A00E1215C /* libglfw.3.3.dylib */; };
		E3CE54382AA761B500E1215C /* OpenGL.framework in Frameworks */ = {isa = PBXBuildFile; fileRef = E3CE54062AA7356F00E1215C /* OpenGL.framework */; };
		E3CE54412AA7625300E1215C /* main.cpp in Sources */ = {isa = PBXBuildFile; fileRef = E3CE53F62AA72B1100E1215C /* main.cpp */; };
		E3CE54482AA76AAF00E1215C /* main.cpp in Sources */ = {isa = PBXBuildFile; fileRef = E3CE54142AA75F1E00E1215C /* main.cpp */; };
/* End PBXBuildFile section */

/* Begin PBXCopyFilesBuildPhase section */
		E3CE53F12AA72B1100E1215C /* CopyFiles */ = {
			isa = PBXCopyFilesBuildPhase;
			buildActionMask = 2147483647;
			dstPath = /usr/share/man/man1/;
			dstSubfolderSpec = 0;
			files = (
			);
			runOnlyForDeploymentPostprocessing = 1;
		};
		E3CE54392AA761B500E1215C /* CopyFiles */ = {
			isa = PBXCopyFilesBuildPhase;
			buildActionMask = 2147483647;
			dstPath = /usr/share/man/man1/;
			dstSubfolderSpec = 0;
			files = (
			);
			runOnlyForDeploymentPostprocessing = 1;
		};
/* End PBXCopyFilesBuildPhase section */

/* Begin PBXFileReference section */
		E3589C232AA9CCBC0030A78B /* IOKit.framework */ = {isa = PBXFileReference; lastKnownFileType = wrapper.framework; name = IOKit.framework; path = Platforms/iPhoneOS.platform/Developer/SDKs/iPhoneOS16.4.sdk/System/Library/Frameworks/IOKit.framework; sourceTree = DEVELOPER_DIR; };
		E3BC981A2AA9C92500454D49 /* CustomShader.h */ = {isa = PBXFileReference; lastKnownFileType = sourcecode.c.h; name = CustomShader.h; path = include/CustomShader.h; sourceTree = "<group>"; };
		E3CE53F32AA72B1100E1215C /* My Solution */ = {isa = PBXFileReference; explicitFileType = "compiled.mach-o.executable"; includeInIndex = 0; path = "My Solution"; sourceTree = BUILT_PRODUCTS_DIR; };
		E3CE53F62AA72B1100E1215C /* main.cpp */ = {isa = PBXFileReference; lastKnownFileType = sourcecode.cpp.cpp; path = main.cpp; sourceTree = "<group>"; };
		E3CE53FF2AA7316800E1215C /* glad.c */ = {isa = PBXFileReference; fileEncoding = 4; lastKnownFileType = sourcecode.c.c; path = glad.c; sourceTree = SOURCE_ROOT; };
		E3CE54022AA734D900E1215C /* homebrew */ = {isa = PBXFileReference; lastKnownFileType = folder; name = homebrew; path = ../../../../opt/homebrew; sourceTree = "<group>"; };
		E3CE54042AA734F500E1215C /* pkgconfig */ = {isa = PBXFileReference; lastKnownFileType = folder; name = pkgconfig; path = ../../../../opt/homebrew/Cellar/glfw/3.3.8/lib/pkgconfig; sourceTree = "<group>"; };
		E3CE54062AA7356F00E1215C /* OpenGL.framework */ = {isa = PBXFileReference; lastKnownFileType = wrapper.framework; name = OpenGL.framework; path = System/Library/Frameworks/OpenGL.framework; sourceTree = SDKROOT; };
		E3CE54082AA7358A00E1215C /* libglfw.3.3.dylib */ = {isa = PBXFileReference; lastKnownFileType = "compiled.mach-o.dylib"; name = libglfw.3.3.dylib; path = ../../../../opt/homebrew/Cellar/glfw/3.3.8/lib/libglfw.3.3.dylib; sourceTree = "<group>"; };
		E3CE540A2AA735CA00E1215C /* IOKit.framework */ = {isa = PBXFileReference; lastKnownFileType = wrapper.framework; name = IOKit.framework; path = System/Library/Frameworks/IOKit.framework; sourceTree = SDKROOT; };
		E3CE540C2AA735CE00E1215C /* Cocoa.framework */ = {isa = PBXFileReference; lastKnownFileType = wrapper.framework; name = Cocoa.framework; path = System/Library/Frameworks/Cocoa.framework; sourceTree = SDKROOT; };
		E3CE54142AA75F1E00E1215C /* main.cpp */ = {isa = PBXFileReference; lastKnownFileType = sourcecode.cpp.cpp; path = main.cpp; sourceTree = "<group>"; };
		E3CE543D2AA761B500E1215C /* Exercise Answer */ = {isa = PBXFileReference; explicitFileType = "compiled.mach-o.executable"; includeInIndex = 0; path = "Exercise Answer"; sourceTree = BUILT_PRODUCTS_DIR; };
/* End PBXFileReference section */

/* Begin PBXFrameworksBuildPhase section */
		E3CE53F02AA72B1100E1215C /* Frameworks */ = {
			isa = PBXFrameworksBuildPhase;
			buildActionMask = 2147483647;
			files = (
				E3CE540D2AA735CF00E1215C /* Cocoa.framework in Frameworks */,
				E3CE540B2AA735CA00E1215C /* IOKit.framework in Frameworks */,
				E3CE54092AA7358A00E1215C /* libglfw.3.3.dylib in Frameworks */,
				E3CE54072AA7356F00E1215C /* OpenGL.framework in Frameworks */,
			);
			runOnlyForDeploymentPostprocessing = 0;
		};
		E3CE54342AA761B500E1215C /* Frameworks */ = {
			isa = PBXFrameworksBuildPhase;
			buildActionMask = 2147483647;
			files = (
				E3CE54352AA761B500E1215C /* Cocoa.framework in Frameworks */,
				E3CE54362AA761B500E1215C /* IOKit.framework in Frameworks */,
				E3CE54372AA761B500E1215C /* libglfw.3.3.dylib in Frameworks */,
				E3CE54382AA761B500E1215C /* OpenGL.framework in Frameworks */,
			);
			runOnlyForDeploymentPostprocessing = 0;
		};
/* End PBXFrameworksBuildPhase section */

/* Begin PBXGroup section */
		E3CE53EA2AA72B1100E1215C = {
			isa = PBXGroup;
			children = (
				E3BC981A2AA9C92500454D49 /* CustomShader.h */,
				E3CE53FF2AA7316800E1215C /* glad.c */,
				E3CE53F52AA72B1100E1215C /* GLTEST */,
				E3CE54132AA75F1E00E1215C /* Exercise Answers */,
				E3CE53F42AA72B1100E1215C /* Products */,
				E3CE54012AA734D900E1215C /* Frameworks */,
			);
			sourceTree = "<group>";
			usesTabs = 1;
		};
		E3CE53F42AA72B1100E1215C /* Products */ = {
			isa = PBXGroup;
			children = (
				E3CE53F32AA72B1100E1215C /* My Solution */,
				E3CE543D2AA761B500E1215C /* Exercise Answer */,
			);
			name = Products;
			sourceTree = "<group>";
		};
		E3CE53F52AA72B1100E1215C /* GLTEST */ = {
			isa = PBXGroup;
			children = (
				E3CE53F62AA72B1100E1215C /* main.cpp */,
			);
			path = GLTEST;
			sourceTree = "<group>";
		};
		E3CE54012AA734D900E1215C /* Frameworks */ = {
			isa = PBXGroup;
			children = (
				E3589C232AA9CCBC0030A78B /* IOKit.framework */,
				E3CE540C2AA735CE00E1215C /* Cocoa.framework */,
				E3CE540A2AA735CA00E1215C /* IOKit.framework */,
				E3CE54082AA7358A00E1215C /* libglfw.3.3.dylib */,
				E3CE54062AA7356F00E1215C /* OpenGL.framework */,
				E3CE54042AA734F500E1215C /* pkgconfig */,
				E3CE54022AA734D900E1215C /* homebrew */,
			);
			name = Frameworks;
			sourceTree = "<group>";
		};
		E3CE54132AA75F1E00E1215C /* Exercise Answers */ = {
			isa = PBXGroup;
			children = (
				E3CE54142AA75F1E00E1215C /* main.cpp */,
			);
			path = "Exercise Answers";
			sourceTree = "<group>";
		};
/* End PBXGroup section */

/* Begin PBXHeadersBuildPhase section */
		E3589C162AA9CBF80030A78B /* Headers */ = {
			isa = PBXHeadersBuildPhase;
			buildActionMask = 2147483647;
			files = (
				E3589C172AA9CBFE0030A78B /* CustomShader.h in Headers */,
			);
			runOnlyForDeploymentPostprocessing = 0;
		};
		E3589C182AA9CC010030A78B /* Headers */ = {
			isa = PBXHeadersBuildPhase;
			buildActionMask = 2147483647;
			files = (
				E3589C192AA9CC020030A78B /* CustomShader.h in Headers */,
			);
			runOnlyForDeploymentPostprocessing = 0;
		};
/* End PBXHeadersBuildPhase section */

/* Begin PBXNativeTarget section */
		E3CE53F22AA72B1100E1215C /* My Solution */ = {
			isa = PBXNativeTarget;
			buildConfigurationList = E3CE53FA2AA72B1100E1215C /* Build configuration list for PBXNativeTarget "My Solution" */;
			buildPhases = (
				E3589C182AA9CC010030A78B /* Headers */,
				E3CE53EF2AA72B1100E1215C /* Sources */,
				E3CE53F02AA72B1100E1215C /* Frameworks */,
				E3CE53F12AA72B1100E1215C /* CopyFiles */,
			);
			buildRules = (
			);
			dependencies = (
			);
			name = "My Solution";
			productName = GLTEST;
			productReference = E3CE53F32AA72B1100E1215C /* My Solution */;
			productType = "com.apple.product-type.tool";
		};
		E3CE54302AA761B500E1215C /* Exercise Answer */ = {
			isa = PBXNativeTarget;
			buildConfigurationList = E3CE543A2AA761B500E1215C /* Build configuration list for PBXNativeTarget "Exercise Answer" */;
			buildPhases = (
				E3589C162AA9CBF80030A78B /* Headers */,
				E3CE54312AA761B500E1215C /* Sources */,
				E3CE54342AA761B500E1215C /* Frameworks */,
				E3CE54392AA761B500E1215C /* CopyFiles */,
			);
			buildRules = (
			);
			dependencies = (
			);
			name = "Exercise Answer";
			productName = GLTEST;
			productReference = E3CE543D2AA761B500E1215C /* Exercise Answer */;
			productType = "com.apple.product-type.tool";
		};
/* End PBXNativeTarget section */

/* Begin PBXProject section */
		E3CE53EB2AA72B1100E1215C /* Project object */ = {
			isa = PBXProject;
			attributes = {
				BuildIndependentTargetsInParallel = 1;
				LastUpgradeCheck = 1430;
				TargetAttributes = {
					E3CE53F22AA72B1100E1215C = {
						CreatedOnToolsVersion = 14.3.1;
					};
				};
			};
			buildConfigurationList = E3CE53EE2AA72B1100E1215C /* Build configuration list for PBXProject "GLTEST" */;
			compatibilityVersion = "Xcode 14.0";
			developmentRegion = en;
			hasScannedForEncodings = 0;
			knownRegions = (
				en,
				Base,
			);
			mainGroup = E3CE53EA2AA72B1100E1215C;
			productRefGroup = E3CE53F42AA72B1100E1215C /* Products */;
			projectDirPath = "";
			projectRoot = "";
			targets = (
				E3CE53F22AA72B1100E1215C /* My Solution */,
				E3CE54302AA761B500E1215C /* Exercise Answer */,
			);
		};
/* End PBXProject section */

/* Begin PBXSourcesBuildPhase section */
		E3CE53EF2AA72B1100E1215C /* Sources */ = {
			isa = PBXSourcesBuildPhase;
			buildActionMask = 2147483647;
			files = (
				E3589C292AA9CD7E0030A78B /* glad.c in Sources */,
				E3CE54412AA7625300E1215C /* main.cpp in Sources */,
			);
			runOnlyForDeploymentPostprocessing = 0;
		};
		E3CE54312AA761B500E1215C /* Sources */ = {
			isa = PBXSourcesBuildPhase;
			buildActionMask = 2147483647;
			files = (
				E3589C282AA9CD760030A78B /* glad.c in Sources */,
				E3CE54482AA76AAF00E1215C /* main.cpp in Sources */,
			);
			runOnlyForDeploymentPostprocessing = 0;
		};
/* End PBXSourcesBuildPhase section */

/* Begin XCBuildConfiguration section */
		E3CE53F82AA72B1100E1215C /* Debug */ = {
			isa = XCBuildConfiguration;
			buildSettings = {
				ALWAYS_SEARCH_USER_PATHS = NO;
				CLANG_ANALYZER_NONNULL = YES;
				CLANG_ANALYZER_NUMBER_OBJECT_CONVERSION = YES_AGGRESSIVE;
				CLANG_CXX_LANGUAGE_STANDARD = "gnu++20";
				CLANG_ENABLE_MODULES = YES;
				CLANG_ENABLE_OBJC_ARC = YES;
				CLANG_ENABLE_OBJC_WEAK = YES;
				CLANG_WARN_BLOCK_CAPTURE_AUTORELEASING = YES;
				CLANG_WARN_BOOL_CONVERSION = YES;
				CLANG_WARN_COMMA = YES;
				CLANG_WARN_CONSTANT_CONVERSION = YES;
				CLANG_WARN_DEPRECATED_OBJC_IMPLEMENTATIONS = YES;
				CLANG_WARN_DIRECT_OBJC_ISA_USAGE = YES_ERROR;
				CLANG_WARN_DOCUMENTATION_COMMENTS = YES;
				CLANG_WARN_EMPTY_BODY = YES;
				CLANG_WARN_ENUM_CONVERSION = YES;
				CLANG_WARN_INFINITE_RECURSION = YES;
				CLANG_WARN_INT_CONVERSION = YES;
				CLANG_WARN_NON_LITERAL_NULL_CONVERSION = YES;
				CLANG_WARN_OBJC_IMPLICIT_RETAIN_SELF = YES;
				CLANG_WARN_OBJC_LITERAL_CONVERSION = YES;
				CLANG_WARN_OBJC_ROOT_CLASS = YES_ERROR;
				CLANG_WARN_QUOTED_INCLUDE_IN_FRAMEWORK_HEADER = YES;
				CLANG_WARN_RANGE_LOOP_ANALYSIS = YES;
				CLANG_WARN_STRICT_PROTOTYPES = YES;
				CLANG_WARN_SUSPICIOUS_MOVE = YES;
				CLANG_WARN_UNGUARDED_AVAILABILITY = YES_AGGRESSIVE;
				CLANG_WARN_UNREACHABLE_CODE = YES;
				CLANG_WARN__DUPLICATE_METHOD_MATCH = YES;
				COPY_PHASE_STRIP = NO;
				DEBUG_INFORMATION_FORMAT = dwarf;
				ENABLE_STRICT_OBJC_MSGSEND = YES;
				ENABLE_TESTABILITY = YES;
				GCC_C_LANGUAGE_STANDARD = gnu11;
				GCC_DYNAMIC_NO_PIC = NO;
				GCC_NO_COMMON_BLOCKS = YES;
				GCC_OPTIMIZATION_LEVEL = 0;
				GCC_PREPROCESSOR_DEFINITIONS = (
					"DEBUG=1",
					"$(inherited)",
				);
				GCC_WARN_64_TO_32_BIT_CONVERSION = YES;
				GCC_WARN_ABOUT_RETURN_TYPE = YES_ERROR;
				GCC_WARN_UNDECLARED_SELECTOR = YES;
				GCC_WARN_UNINITIALIZED_AUTOS = YES_AGGRESSIVE;
				GCC_WARN_UNUSED_FUNCTION = YES;
				GCC_WARN_UNUSED_VARIABLE = YES;
				HEADER_SEARCH_PATHS = (
					/opt/homebrew/Cellar/glfw/3.3.8/include/,
					"\"$(SRCROOT)/../../Dependencies/glad/include\"",
				);
				LIBRARY_SEARCH_PATHS = /opt/homebrew/Cellar/glfw/3.3.8/lib;
				MACOSX_DEPLOYMENT_TARGET = 13.3;
				MTL_ENABLE_DEBUG_INFO = INCLUDE_SOURCE;
				MTL_FAST_MATH = YES;
				ONLY_ACTIVE_ARCH = YES;
				SDKROOT = macosx;
			};
			name = Debug;
		};
		E3CE53F92AA72B1100E1215C /* Release */ = {
			isa = XCBuildConfiguration;
			buildSettings = {
				ALWAYS_SEARCH_USER_PATHS = NO;
				CLANG_ANALYZER_NONNULL = YES;
				CLANG_ANALYZER_NUMBER_OBJECT_CONVERSION = YES_AGGRESSIVE;
				CLANG_CXX_LANGUAGE_STANDARD = "gnu++20";
				CLANG_ENABLE_MODULES = YES;
				CLANG_ENABLE_OBJC_ARC = YES;
				CLANG_ENABLE_OBJC_WEAK = YES;
				CLANG_WARN_BLOCK_CAPTURE_AUTORELEASING = YES;
				CLANG_WARN_BOOL_CONVERSION = YES;
				CLANG_WARN_COMMA = YES;
				CLANG_WARN_CONSTANT_CONVERSION = YES;
				CLANG_WARN_DEPRECATED_OBJC_IMPLEMENTATIONS = YES;
				CLANG_WARN_DIRECT_OBJC_ISA_USAGE = YES_ERROR;
				CLANG_WARN_DOCUMENTATION_COMMENTS = YES;
				CLANG_WARN_EMPTY_BODY = YES;
				CLANG_WARN_ENUM_CONVERSION = YES;
				CLANG_WARN_INFINITE_RECURSION = YES;
				CLANG_WARN_INT_CONVERSION = YES;
				CLANG_WARN_NON_LITERAL_NULL_CONVERSION = YES;
				CLANG_WARN_OBJC_IMPLICIT_RETAIN_SELF = YES;
				CLANG_WARN_OBJC_LITERAL_CONVERSION = YES;
				CLANG_WARN_OBJC_ROOT_CLASS = YES_ERROR;
				CLANG_WARN_QUOTED_INCLUDE_IN_FRAMEWORK_HEADER = YES;
				CLANG_WARN_RANGE_LOOP_ANALYSIS = YES;
				CLANG_WARN_STRICT_PROTOTYPES = YES;
				CLANG_WARN_SUSPICIOUS_MOVE = YES;
				CLANG_WARN_UNGUARDED_AVAILABILITY = YES_AGGRESSIVE;
				CLANG_WARN_UNREACHABLE_CODE = YES;
				CLANG_WARN__DUPLICATE_METHOD_MATCH = YES;
				COPY_PHASE_STRIP = NO;
				DEBUG_INFORMATION_FORMAT = "dwarf-with-dsym";
				ENABLE_NS_ASSERTIONS = NO;
				ENABLE_STRICT_OBJC_MSGSEND = YES;
				GCC_C_LANGUAGE_STANDARD = gnu11;
				GCC_NO_COMMON_BLOCKS = YES;
				GCC_WARN_64_TO_32_BIT_CONVERSION = YES;
				GCC_WARN_ABOUT_RETURN_TYPE = YES_ERROR;
				GCC_WARN_UNDECLARED_SELECTOR = YES;
				GCC_WARN_UNINITIALIZED_AUTOS = YES_AGGRESSIVE;
				GCC_WARN_UNUSED_FUNCTION = YES;
				GCC_WARN_UNUSED_VARIABLE = YES;
				HEADER_SEARCH_PATHS = (
					/opt/homebrew/Cellar/glfw/3.3.8/include/,
					"\"$(SRCROOT)/../../Dependencies/glad/include\"",
				);
				LIBRARY_SEARCH_PATHS = /opt/homebrew/Cellar/glfw/3.3.8/lib;
				MACOSX_DEPLOYMENT_TARGET = 13.3;
				MTL_ENABLE_DEBUG_INFO = NO;
				MTL_FAST_MATH = YES;
				SDKROOT = macosx;
			};
			name = Release;
		};
		E3CE53FB2AA72B1100E1215C /* Debug */ = {
			isa = XCBuildConfiguration;
			buildSettings = {
				CODE_SIGN_STYLE = Automatic;
				GCC_WARN_INHIBIT_ALL_WARNINGS = YES;
				LIBRARY_SEARCH_PATHS = (
					"/opt/homebrew/Cellar/glfw/3.3.8/lib/**",
					/opt/homebrew/Cellar/glfw/3.3.8/lib,
				);
				PRODUCT_NAME = "$(TARGET_NAME)";
				WARNING_CFLAGS = "";
			};
			name = Debug;
		};
		E3CE53FC2AA72B1100E1215C /* Release */ = {
			isa = XCBuildConfiguration;
			buildSettings = {
				CODE_SIGN_STYLE = Automatic;
				GCC_WARN_INHIBIT_ALL_WARNINGS = YES;
				LIBRARY_SEARCH_PATHS = (
					"/opt/homebrew/Cellar/glfw/3.3.8/lib/**",
					/opt/homebrew/Cellar/glfw/3.3.8/lib,
				);
				PRODUCT_NAME = "$(TARGET_NAME)";
				WARNING_CFLAGS = "";
			};
			name = Release;
		};
		E3CE543B2AA761B500E1215C /* Debug */ = {
			isa = XCBuildConfiguration;
			buildSettings = {
				CODE_SIGN_STYLE = Automatic;
				GCC_WARN_INHIBIT_ALL_WARNINGS = YES;
				LIBRARY_SEARCH_PATHS = (
					"/opt/homebrew/Cellar/glfw/3.3.8/lib/**",
					/opt/homebrew/Cellar/glfw/3.3.8/lib,
				);
				PRODUCT_NAME = "$(TARGET_NAME)";
				WARNING_CFLAGS = "";
			};
			name = Debug;
		};
		E3CE543C2AA761B500E1215C /* Release */ = {
			isa = XCBuildConfiguration;
			buildSettings = {
				CODE_SIGN_STYLE = Automatic;
				GCC_WARN_INHIBIT_ALL_WARNINGS = YES;
				LIBRARY_SEARCH_PATHS = (
					"/opt/homebrew/Cellar/glfw/3.3.8/lib/**",
					/opt/homebrew/Cellar/glfw/3.3.8/lib,
				);
				PRODUCT_NAME = "$(TARGET_NAME)";
				WARNING_CFLAGS = "";
			};
			name = Release;
		};
/* End XCBuildConfiguration section */

/* Begin XCConfigurationList section */
		E3CE53EE2AA72B1100E1215C /* Build configuration list for PBXProject "GLTEST" */ = {
			isa = XCConfigurationList;
			buildConfigurations = (
				E3CE53F82AA72B1100E1215C /* Debug */,
				E3CE53F92AA72B1100E1215C /* Release */,
			);
			defaultConfigurationIsVisible = 0;
			defaultConfigurationName = Release;
		};
		E3CE53FA2AA72B1100E1215C /* Build configuration list for PBXNativeTarget "My Solution" */ = {
			isa = XCConfigurationList;
			buildConfigurations = (
				E3CE53FB2AA72B1100E1215C /* Debug */,
				E3CE53FC2AA72B1100E1215C /* Release */,
			);
			defaultConfigurationIsVisible = 0;
			defaultConfigurationName = Release;
		};
		E3CE543A2AA761B500E1215C /* Build configuration list for PBXNativeTarget "Exercise Answer" */ = {
			isa = XCConfigurationList;
			buildConfigurations = (
				E3CE543B2AA761B500E1215C /* Debug */,
				E3CE543C2AA761B500E1215C /* Release */,
			);
			defaultConfigurationIsVisible = 0;
			defaultConfigurationName = Release;
		};
/* End XCConfigurationList section */
	};
	rootObject = E3CE53EB2AA72B1100E1215C /* Project object */;
}
